# This file is automatically @generated by Cargo.
# It is not intended for manual editing.
version = 4

[[package]]
name = "ara-cli"
version = "0.0.0"

[[package]]
name = "ara-core"
version = "0.0.0"

[[package]]
name = "ara-viewer"
version = "0.0.0"

[[package]]
name = "ara-wasm"
version = "0.0.0"
